
Microsoft Visual Studio Solution File, Format Version 12.00
# Visual Studio Version 17
VisualStudioVersion = 17.3.32929.385
MinimumVisualStudioVersion = 10.0.40219.1
Project("{FAE04EC0-301F-11D3-BF4B-00C04F79EFBC}") = "IntroTask", "IntroTask\IntroTask.csproj", "{E54398AC-7FF4-4C63-BA8F-3F5E5BAEDDCE}"
EndProject
Global
	GlobalSection(SolutionConfigurationPlatforms) = preSolution
		Debug|Any CPU = Debug|Any CPU
		Release|Any CPU = Release|Any CPU
	EndGlobalSection
	GlobalSection(ProjectConfigurationPlatforms) = postSolution
		{E54398AC-7FF4-4C63-BA8F-3F5E5BAEDDCE}.Debug|Any CPU.ActiveCfg = Debug|Any CPU
		{E54398AC-7FF4-4C63-BA8F-3F5E5BAEDDCE}.Debug|Any CPU.Build.0 = Debug|Any CPU
		{E54398AC-7FF4-4C63-BA8F-3F5E5BAEDDCE}.Release|Any CPU.ActiveCfg = Release|Any CPU
		{E54398AC-7FF4-4C63-BA8F-3F5E5BAEDDCE}.Release|Any CPU.Build.0 = Release|Any CPU
	EndGlobalSection
	GlobalSection(SolutionProperties) = preSolution
		HideSolutionNode = FALSE
	EndGlobalSection
	GlobalSection(ExtensibilityGlobals) = postSolution
		SolutionGuid = {DC9E89FB-BDDE-4CB3-8333-2BF7E682BB28}
	EndGlobalSection
EndGlobal
